PODS:
  - Hexacon (1.0.6)

DEPENDENCIES:
  - Hexacon (from `/Users/nathan/Documents/github/sweet-io/tmp/Hexacon`)

EXTERNAL SOURCES:
  Hexacon:
    :path: "/Users/nathan/Documents/github/sweet-io/tmp/Hexacon"

SPEC CHECKSUMS:
  Hexacon: a97ac6d97c8d4fc84f99709277657fed64333946

PODFILE CHECKSUM: 86be8e831df0f256f20d456eab8df22f751a439e

COCOAPODS: 1.8.4
